
Microsoft Visual Studio Solution File, Format Version 12.00
# Visual Studio Version 17
VisualStudioVersion = 17.8.34330.188
MinimumVisualStudioVersion = 10.0.40219.1
Project("{FAE04EC0-301F-11D3-BF4B-00C04F79EFBC}") = "Calculator", "Calculator\Calculator.csproj", "{5597B174-13B9-4577-8C06-7518EE0A7343}"
EndProject
Global
	GlobalSection(SolutionConfigurationPlatforms) = preSolution
		Debug|Any CPU = Debug|Any CPU
		Release|Any CPU = Release|Any CPU
	EndGlobalSection
	GlobalSection(ProjectConfigurationPlatforms) = postSolution
		{5597B174-13B9-4577-8C06-7518EE0A7343}.Debug|Any CPU.ActiveCfg = Debug|Any CPU
		{5597B174-13B9-4577-8C06-7518EE0A7343}.Debug|Any CPU.Build.0 = Debug|Any CPU
		{5597B174-13B9-4577-8C06-7518EE0A7343}.Release|Any CPU.ActiveCfg = Release|Any CPU
		{5597B174-13B9-4577-8C06-7518EE0A7343}.Release|Any CPU.Build.0 = Release|Any CPU
	EndGlobalSection
	GlobalSection(SolutionProperties) = preSolution
		HideSolutionNode = FALSE
	EndGlobalSection
	GlobalSection(ExtensibilityGlobals) = postSolution
		SolutionGuid = {D9BF378C-BEBC-4D34-8D59-273671A34AC7}
	EndGlobalSection
EndGlobal
